
Microsoft Visual Studio Solution File, Format Version 12.00
# Visual Studio Version 17
VisualStudioVersion = 17.0.31912.275
MinimumVisualStudioVersion = 10.0.40219.1
Project("{9A19103F-16F7-4668-BE54-9A1E7A4F7556}") = "TimeNowWorld", "TimeNowWorld\TimeNowWorld.csproj", "{6562C326-BB53-4B07-9EB4-C3521CA62DDF}"
EndProject
Project("{9A19103F-16F7-4668-BE54-9A1E7A4F7556}") = "TimeNowWorld.Models", "Models\TimeNowWorld.Models.csproj", "{399FE940-5778-46AF-A0EB-BA0DC34AF2BE}"
EndProject
Project("{9A19103F-16F7-4668-BE54-9A1E7A4F7556}") = "TimeNowWorld.Data", "TimeNowWorld.Data\TimeNowWorld.Data.csproj", "{EFA644BA-AE3A-4B57-83BA-058D72C4B29D}"
EndProject
Project("{FAE04EC0-301F-11D3-BF4B-00C04F79EFBC}") = "ConsoleApp1", "ConsoleApp1\ConsoleApp1.csproj", "{4C928842-A4E6-4651-BAD9-997054B5ECC7}"
EndProject
Global
	GlobalSection(SolutionConfigurationPlatforms) = preSolution
		Debug|Any CPU = Debug|Any CPU
		Release|Any CPU = Release|Any CPU
	EndGlobalSection
	GlobalSection(ProjectConfigurationPlatforms) = postSolution
		{6562C326-BB53-4B07-9EB4-C3521CA62DDF}.Debug|Any CPU.ActiveCfg = Debug|Any CPU
		{6562C326-BB53-4B07-9EB4-C3521CA62DDF}.Debug|Any CPU.Build.0 = Debug|Any CPU
		{6562C326-BB53-4B07-9EB4-C3521CA62DDF}.Release|Any CPU.ActiveCfg = Release|Any CPU
		{6562C326-BB53-4B07-9EB4-C3521CA62DDF}.Release|Any CPU.Build.0 = Release|Any CPU
		{399FE940-5778-46AF-A0EB-BA0DC34AF2BE}.Debug|Any CPU.ActiveCfg = Debug|Any CPU
		{399FE940-5778-46AF-A0EB-BA0DC34AF2BE}.Debug|Any CPU.Build.0 = Debug|Any CPU
		{399FE940-5778-46AF-A0EB-BA0DC34AF2BE}.Release|Any CPU.ActiveCfg = Release|Any CPU
		{399FE940-5778-46AF-A0EB-BA0DC34AF2BE}.Release|Any CPU.Build.0 = Release|Any CPU
		{EFA644BA-AE3A-4B57-83BA-058D72C4B29D}.Debug|Any CPU.ActiveCfg = Debug|Any CPU
		{EFA644BA-AE3A-4B57-83BA-058D72C4B29D}.Debug|Any CPU.Build.0 = Debug|Any CPU
		{EFA644BA-AE3A-4B57-83BA-058D72C4B29D}.Release|Any CPU.ActiveCfg = Release|Any CPU
		{EFA644BA-AE3A-4B57-83BA-058D72C4B29D}.Release|Any CPU.Build.0 = Release|Any CPU
		{4C928842-A4E6-4651-BAD9-997054B5ECC7}.Debug|Any CPU.ActiveCfg = Debug|Any CPU
		{4C928842-A4E6-4651-BAD9-997054B5ECC7}.Debug|Any CPU.Build.0 = Debug|Any CPU
		{4C928842-A4E6-4651-BAD9-997054B5ECC7}.Release|Any CPU.ActiveCfg = Release|Any CPU
		{4C928842-A4E6-4651-BAD9-997054B5ECC7}.Release|Any CPU.Build.0 = Release|Any CPU
	EndGlobalSection
	GlobalSection(SolutionProperties) = preSolution
		HideSolutionNode = FALSE
	EndGlobalSection
	GlobalSection(ExtensibilityGlobals) = postSolution
		SolutionGuid = {BC71931D-CC02-4C02-A839-546F50EAE492}
	EndGlobalSection
EndGlobal
